
Microsoft Visual Studio Solution File, Format Version 12.00
# Visual Studio Version 17
VisualStudioVersion = 17.10.35122.118
MinimumVisualStudioVersion = 10.0.40219.1
Project("{FAE04EC0-301F-11D3-BF4B-00C04F79EFBC}") = "TwitterClone-App", "TwitterClone-App\TwitterClone-App.csproj", "{FA045F99-C404-423D-BA03-406B00B949DC}"
EndProject
Global
	GlobalSection(SolutionConfigurationPlatforms) = preSolution
		Debug|Any CPU = Debug|Any CPU
		Release|Any CPU = Release|Any CPU
	EndGlobalSection
	GlobalSection(ProjectConfigurationPlatforms) = postSolution
		{FA045F99-C404-423D-BA03-406B00B949DC}.Debug|Any CPU.ActiveCfg = Debug|Any CPU
		{FA045F99-C404-423D-BA03-406B00B949DC}.Debug|Any CPU.Build.0 = Debug|Any CPU
		{FA045F99-C404-423D-BA03-406B00B949DC}.Release|Any CPU.ActiveCfg = Release|Any CPU
		{FA045F99-C404-423D-BA03-406B00B949DC}.Release|Any CPU.Build.0 = Release|Any CPU
	EndGlobalSection
	GlobalSection(SolutionProperties) = preSolution
		HideSolutionNode = FALSE
	EndGlobalSection
	GlobalSection(ExtensibilityGlobals) = postSolution
		SolutionGuid = {C9F08B86-7648-4DB2-B45C-23209B38C6BB}
	EndGlobalSection
EndGlobal
